
Microsoft Visual Studio Solution File, Format Version 12.00
# Visual Studio Version 16
VisualStudioVersion = 16.0.31624.102
MinimumVisualStudioVersion = 10.0.40219.1
Project("{FAE04EC0-301F-11D3-BF4B-00C04F79EFBC}") = "ConsolaSumador", "Sumador\ConsolaSumador.csproj", "{F73BE137-C445-476C-834E-5265418CA170}"
EndProject
Project("{FAE04EC0-301F-11D3-BF4B-00C04F79EFBC}") = "Biblioteca", "Biblioteca\Biblioteca.csproj", "{5208A4EC-4141-422E-BDF0-94DD24632856}"
EndProject
Project("{FAE04EC0-301F-11D3-BF4B-00C04F79EFBC}") = "ConsolaEstanteria", "ConsolaEstanteria\ConsolaEstanteria.csproj", "{C262ED3F-9542-4AEB-AEB8-5BDDCE53FD81}"
EndProject
Global
	GlobalSection(SolutionConfigurationPlatforms) = preSolution
		Debug|Any CPU = Debug|Any CPU
		Release|Any CPU = Release|Any CPU
	EndGlobalSection
	GlobalSection(ProjectConfigurationPlatforms) = postSolution
		{F73BE137-C445-476C-834E-5265418CA170}.Debug|Any CPU.ActiveCfg = Debug|Any CPU
		{F73BE137-C445-476C-834E-5265418CA170}.Debug|Any CPU.Build.0 = Debug|Any CPU
		{F73BE137-C445-476C-834E-5265418CA170}.Release|Any CPU.ActiveCfg = Release|Any CPU
		{F73BE137-C445-476C-834E-5265418CA170}.Release|Any CPU.Build.0 = Release|Any CPU
		{5208A4EC-4141-422E-BDF0-94DD24632856}.Debug|Any CPU.ActiveCfg = Debug|Any CPU
		{5208A4EC-4141-422E-BDF0-94DD24632856}.Debug|Any CPU.Build.0 = Debug|Any CPU
		{5208A4EC-4141-422E-BDF0-94DD24632856}.Release|Any CPU.ActiveCfg = Release|Any CPU
		{5208A4EC-4141-422E-BDF0-94DD24632856}.Release|Any CPU.Build.0 = Release|Any CPU
		{C262ED3F-9542-4AEB-AEB8-5BDDCE53FD81}.Debug|Any CPU.ActiveCfg = Debug|Any CPU
		{C262ED3F-9542-4AEB-AEB8-5BDDCE53FD81}.Debug|Any CPU.Build.0 = Debug|Any CPU
		{C262ED3F-9542-4AEB-AEB8-5BDDCE53FD81}.Release|Any CPU.ActiveCfg = Release|Any CPU
		{C262ED3F-9542-4AEB-AEB8-5BDDCE53FD81}.Release|Any CPU.Build.0 = Release|Any CPU
	EndGlobalSection
	GlobalSection(SolutionProperties) = preSolution
		HideSolutionNode = FALSE
	EndGlobalSection
	GlobalSection(ExtensibilityGlobals) = postSolution
		SolutionGuid = {A6E5395F-F13A-43F4-96D2-113DBB3A887E}
	EndGlobalSection
EndGlobal
